
Microsoft Visual Studio Solution File, Format Version 12.00
# Visual Studio 2013
VisualStudioVersion = 12.0.31101.0
MinimumVisualStudioVersion = 10.0.40219.1
Project("{FAE04EC0-301F-11D3-BF4B-00C04F79EFBC}") = "1.Tres4Numbers", "1.Tres4Numbers\1.Tres4Numbers.csproj", "{98335BAA-5706-4FE5-9FF0-BE5CB01D6463}"
EndProject
Project("{FAE04EC0-301F-11D3-BF4B-00C04F79EFBC}") = "2.BunnyFactory", "2.BunnyFactory\2.BunnyFactory.csproj", "{F3CF3940-97A1-41C0-A6DE-2C8EE2D7BE2B}"
EndProject
Project("{FAE04EC0-301F-11D3-BF4B-00C04F79EFBC}") = "3.patterns", "3.patterns\3.patterns.csproj", "{CF6A8F40-C700-47D6-8150-22F8E7FCAFFE}"
EndProject
Project("{FAE04EC0-301F-11D3-BF4B-00C04F79EFBC}") = "4.VariableLengthCoding", "4.VariableLengthCoding\4.VariableLengthCoding.csproj", "{4FD18CEB-4295-4BE7-BF8C-7C87D9A6765F}"
EndProject
Project("{FAE04EC0-301F-11D3-BF4B-00C04F79EFBC}") = "5.HelpDoge", "5.HelpDoge\5.HelpDoge.csproj", "{C55A3580-882B-495B-92EA-EBD68D9B496E}"
EndProject
Global
	GlobalSection(SolutionConfigurationPlatforms) = preSolution
		Debug|Any CPU = Debug|Any CPU
		Release|Any CPU = Release|Any CPU
	EndGlobalSection
	GlobalSection(ProjectConfigurationPlatforms) = postSolution
		{98335BAA-5706-4FE5-9FF0-BE5CB01D6463}.Debug|Any CPU.ActiveCfg = Debug|Any CPU
		{98335BAA-5706-4FE5-9FF0-BE5CB01D6463}.Debug|Any CPU.Build.0 = Debug|Any CPU
		{98335BAA-5706-4FE5-9FF0-BE5CB01D6463}.Release|Any CPU.ActiveCfg = Release|Any CPU
		{98335BAA-5706-4FE5-9FF0-BE5CB01D6463}.Release|Any CPU.Build.0 = Release|Any CPU
		{F3CF3940-97A1-41C0-A6DE-2C8EE2D7BE2B}.Debug|Any CPU.ActiveCfg = Debug|Any CPU
		{F3CF3940-97A1-41C0-A6DE-2C8EE2D7BE2B}.Debug|Any CPU.Build.0 = Debug|Any CPU
		{F3CF3940-97A1-41C0-A6DE-2C8EE2D7BE2B}.Release|Any CPU.ActiveCfg = Release|Any CPU
		{F3CF3940-97A1-41C0-A6DE-2C8EE2D7BE2B}.Release|Any CPU.Build.0 = Release|Any CPU
		{CF6A8F40-C700-47D6-8150-22F8E7FCAFFE}.Debug|Any CPU.ActiveCfg = Debug|Any CPU
		{CF6A8F40-C700-47D6-8150-22F8E7FCAFFE}.Debug|Any CPU.Build.0 = Debug|Any CPU
		{CF6A8F40-C700-47D6-8150-22F8E7FCAFFE}.Release|Any CPU.ActiveCfg = Release|Any CPU
		{CF6A8F40-C700-47D6-8150-22F8E7FCAFFE}.Release|Any CPU.Build.0 = Release|Any CPU
		{4FD18CEB-4295-4BE7-BF8C-7C87D9A6765F}.Debug|Any CPU.ActiveCfg = Debug|Any CPU
		{4FD18CEB-4295-4BE7-BF8C-7C87D9A6765F}.Debug|Any CPU.Build.0 = Debug|Any CPU
		{4FD18CEB-4295-4BE7-BF8C-7C87D9A6765F}.Release|Any CPU.ActiveCfg = Release|Any CPU
		{4FD18CEB-4295-4BE7-BF8C-7C87D9A6765F}.Release|Any CPU.Build.0 = Release|Any CPU
		{C55A3580-882B-495B-92EA-EBD68D9B496E}.Debug|Any CPU.ActiveCfg = Debug|Any CPU
		{C55A3580-882B-495B-92EA-EBD68D9B496E}.Debug|Any CPU.Build.0 = Debug|Any CPU
		{C55A3580-882B-495B-92EA-EBD68D9B496E}.Release|Any CPU.ActiveCfg = Release|Any CPU
		{C55A3580-882B-495B-92EA-EBD68D9B496E}.Release|Any CPU.Build.0 = Release|Any CPU
	EndGlobalSection
	GlobalSection(SolutionProperties) = preSolution
		HideSolutionNode = FALSE
	EndGlobalSection
EndGlobal
