
Microsoft Visual Studio Solution File, Format Version 12.00
# Visual Studio 2013
VisualStudioVersion = 12.0.31101.0
MinimumVisualStudioVersion = 10.0.40219.1
Project("{FAE04EC0-301F-11D3-BF4B-00C04F79EFBC}") = "01.AllocateArray", "01.AllocateArray\01.AllocateArray.csproj", "{775665CD-5977-476D-90D3-B6F8E16EFFFD}"
EndProject
Project("{FAE04EC0-301F-11D3-BF4B-00C04F79EFBC}") = "02.CompareArrays", "02.CompareArrays\02.CompareArrays.csproj", "{569FFF8D-0D54-4AFF-BCDE-91AE708C954F}"
EndProject
Project("{FAE04EC0-301F-11D3-BF4B-00C04F79EFBC}") = "03.CompareCharArray", "03.CompareCharArray\03.CompareCharArray.csproj", "{FF9F3A75-33CB-4E96-81FC-A939F1BE6093}"
EndProject
Project("{FAE04EC0-301F-11D3-BF4B-00C04F79EFBC}") = "04.MaximalSequence", "04.MaximalSequence\04.MaximalSequence.csproj", "{3228A6AB-F2EC-41BC-AE98-2BA21FE79E17}"
EndProject
Project("{FAE04EC0-301F-11D3-BF4B-00C04F79EFBC}") = "05.MaximalIncreasingSequence", "05.MaximalIncreasingSequence\05.MaximalIncreasingSequence.csproj", "{D5F78649-6A9D-498D-8DFF-6ACA503A2C68}"
EndProject
Project("{FAE04EC0-301F-11D3-BF4B-00C04F79EFBC}") = "06.MaximalKSum", "06.MaximalKSum\06.MaximalKSum.csproj", "{301C1434-E036-4DFC-B760-9C24AC4CDC57}"
EndProject
Project("{FAE04EC0-301F-11D3-BF4B-00C04F79EFBC}") = "07.SelectionSort", "07.SelectionSort\07.SelectionSort.csproj", "{495215AF-5832-49EF-92C5-BF811A8D97A3}"
EndProject
Project("{FAE04EC0-301F-11D3-BF4B-00C04F79EFBC}") = "08.MaximalSum", "08.MaximalSum\08.MaximalSum.csproj", "{A8B376EA-24D7-4C2E-BC16-01F3A6789FD2}"
EndProject
Project("{FAE04EC0-301F-11D3-BF4B-00C04F79EFBC}") = "09.FrequentNumber", "09.FrequentNumber\09.FrequentNumber.csproj", "{AE1A88D0-3582-46B3-96F7-E1FA729D6EAD}"
EndProject
Project("{FAE04EC0-301F-11D3-BF4B-00C04F79EFBC}") = "10.FindSumInArray", "10.FindSumInArray\10.FindSumInArray.csproj", "{8682A33A-8950-4E07-B8B3-0514FE8F2192}"
EndProject
Project("{FAE04EC0-301F-11D3-BF4B-00C04F79EFBC}") = "11.BinarySearch", "11.BinarySearch\11.BinarySearch.csproj", "{49817F65-579B-41A0-894A-A96DC939B282}"
EndProject
Project("{FAE04EC0-301F-11D3-BF4B-00C04F79EFBC}") = "12.IndexOfLetters", "12.IndexOfLetters\12.IndexOfLetters.csproj", "{483A210D-B3A4-4BE1-84E2-A8B13552FE65}"
EndProject
Project("{FAE04EC0-301F-11D3-BF4B-00C04F79EFBC}") = "12.1.IndexOfLetters", "12.1.IndexOfLetters\12.1.IndexOfLetters.csproj", "{12A80BD0-3D73-4B84-BEA4-63B883B95BC1}"
EndProject
Project("{FAE04EC0-301F-11D3-BF4B-00C04F79EFBC}") = "13.MergeSort", "13.MergeSort\13.MergeSort.csproj", "{20C731D2-73A3-442C-BD15-A38EF31B6D2F}"
EndProject
Project("{FAE04EC0-301F-11D3-BF4B-00C04F79EFBC}") = "14.QuickSort", "14.QuickSort\14.QuickSort.csproj", "{D7F1F3E9-9CB2-4250-96D1-344CFE84A50D}"
EndProject
Project("{FAE04EC0-301F-11D3-BF4B-00C04F79EFBC}") = "15.PrimeNumbersByEratosten", "15.PrimeNumbersByEratosten\15.PrimeNumbersByEratosten.csproj", "{E7B53F56-9863-4970-9C28-EAB98537074A}"
EndProject
Project("{FAE04EC0-301F-11D3-BF4B-00C04F79EFBC}") = "16.SubsetWithSumS", "16.SubsetWithSumS\16.SubsetWithSumS.csproj", "{14DD328D-7225-4862-B65E-0CFDC8B70D31}"
EndProject
Project("{FAE04EC0-301F-11D3-BF4B-00C04F79EFBC}") = "17.SubsetKWithSumS", "17.SubsetKWithSumS\17.SubsetKWithSumS.csproj", "{7F04AF2D-3218-47CB-A517-204D84531AE3}"
EndProject
Project("{FAE04EC0-301F-11D3-BF4B-00C04F79EFBC}") = "18.RemoveElementsFromArray", "18.RemoveElementsFromArray\18.RemoveElementsFromArray.csproj", "{2EEE87E6-80FE-4878-A85B-7E488A171439}"
EndProject
Global
	GlobalSection(SolutionConfigurationPlatforms) = preSolution
		Debug|Any CPU = Debug|Any CPU
		Release|Any CPU = Release|Any CPU
	EndGlobalSection
	GlobalSection(ProjectConfigurationPlatforms) = postSolution
		{775665CD-5977-476D-90D3-B6F8E16EFFFD}.Debug|Any CPU.ActiveCfg = Debug|Any CPU
		{775665CD-5977-476D-90D3-B6F8E16EFFFD}.Debug|Any CPU.Build.0 = Debug|Any CPU
		{775665CD-5977-476D-90D3-B6F8E16EFFFD}.Release|Any CPU.ActiveCfg = Release|Any CPU
		{775665CD-5977-476D-90D3-B6F8E16EFFFD}.Release|Any CPU.Build.0 = Release|Any CPU
		{569FFF8D-0D54-4AFF-BCDE-91AE708C954F}.Debug|Any CPU.ActiveCfg = Debug|Any CPU
		{569FFF8D-0D54-4AFF-BCDE-91AE708C954F}.Debug|Any CPU.Build.0 = Debug|Any CPU
		{569FFF8D-0D54-4AFF-BCDE-91AE708C954F}.Release|Any CPU.ActiveCfg = Release|Any CPU
		{569FFF8D-0D54-4AFF-BCDE-91AE708C954F}.Release|Any CPU.Build.0 = Release|Any CPU
		{FF9F3A75-33CB-4E96-81FC-A939F1BE6093}.Debug|Any CPU.ActiveCfg = Debug|Any CPU
		{FF9F3A75-33CB-4E96-81FC-A939F1BE6093}.Debug|Any CPU.Build.0 = Debug|Any CPU
		{FF9F3A75-33CB-4E96-81FC-A939F1BE6093}.Release|Any CPU.ActiveCfg = Release|Any CPU
		{FF9F3A75-33CB-4E96-81FC-A939F1BE6093}.Release|Any CPU.Build.0 = Release|Any CPU
		{3228A6AB-F2EC-41BC-AE98-2BA21FE79E17}.Debug|Any CPU.ActiveCfg = Debug|Any CPU
		{3228A6AB-F2EC-41BC-AE98-2BA21FE79E17}.Debug|Any CPU.Build.0 = Debug|Any CPU
		{3228A6AB-F2EC-41BC-AE98-2BA21FE79E17}.Release|Any CPU.ActiveCfg = Release|Any CPU
		{3228A6AB-F2EC-41BC-AE98-2BA21FE79E17}.Release|Any CPU.Build.0 = Release|Any CPU
		{D5F78649-6A9D-498D-8DFF-6ACA503A2C68}.Debug|Any CPU.ActiveCfg = Debug|Any CPU
		{D5F78649-6A9D-498D-8DFF-6ACA503A2C68}.Debug|Any CPU.Build.0 = Debug|Any CPU
		{D5F78649-6A9D-498D-8DFF-6ACA503A2C68}.Release|Any CPU.ActiveCfg = Release|Any CPU
		{D5F78649-6A9D-498D-8DFF-6ACA503A2C68}.Release|Any CPU.Build.0 = Release|Any CPU
		{301C1434-E036-4DFC-B760-9C24AC4CDC57}.Debug|Any CPU.ActiveCfg = Debug|Any CPU
		{301C1434-E036-4DFC-B760-9C24AC4CDC57}.Debug|Any CPU.Build.0 = Debug|Any CPU
		{301C1434-E036-4DFC-B760-9C24AC4CDC57}.Release|Any CPU.ActiveCfg = Release|Any CPU
		{301C1434-E036-4DFC-B760-9C24AC4CDC57}.Release|Any CPU.Build.0 = Release|Any CPU
		{495215AF-5832-49EF-92C5-BF811A8D97A3}.Debug|Any CPU.ActiveCfg = Debug|Any CPU
		{495215AF-5832-49EF-92C5-BF811A8D97A3}.Debug|Any CPU.Build.0 = Debug|Any CPU
		{495215AF-5832-49EF-92C5-BF811A8D97A3}.Release|Any CPU.ActiveCfg = Release|Any CPU
		{495215AF-5832-49EF-92C5-BF811A8D97A3}.Release|Any CPU.Build.0 = Release|Any CPU
		{A8B376EA-24D7-4C2E-BC16-01F3A6789FD2}.Debug|Any CPU.ActiveCfg = Debug|Any CPU
		{A8B376EA-24D7-4C2E-BC16-01F3A6789FD2}.Debug|Any CPU.Build.0 = Debug|Any CPU
		{A8B376EA-24D7-4C2E-BC16-01F3A6789FD2}.Release|Any CPU.ActiveCfg = Release|Any CPU
		{A8B376EA-24D7-4C2E-BC16-01F3A6789FD2}.Release|Any CPU.Build.0 = Release|Any CPU
		{AE1A88D0-3582-46B3-96F7-E1FA729D6EAD}.Debug|Any CPU.ActiveCfg = Debug|Any CPU
		{AE1A88D0-3582-46B3-96F7-E1FA729D6EAD}.Debug|Any CPU.Build.0 = Debug|Any CPU
		{AE1A88D0-3582-46B3-96F7-E1FA729D6EAD}.Release|Any CPU.ActiveCfg = Release|Any CPU
		{AE1A88D0-3582-46B3-96F7-E1FA729D6EAD}.Release|Any CPU.Build.0 = Release|Any CPU
		{8682A33A-8950-4E07-B8B3-0514FE8F2192}.Debug|Any CPU.ActiveCfg = Debug|Any CPU
		{8682A33A-8950-4E07-B8B3-0514FE8F2192}.Debug|Any CPU.Build.0 = Debug|Any CPU
		{8682A33A-8950-4E07-B8B3-0514FE8F2192}.Release|Any CPU.ActiveCfg = Release|Any CPU
		{8682A33A-8950-4E07-B8B3-0514FE8F2192}.Release|Any CPU.Build.0 = Release|Any CPU
		{49817F65-579B-41A0-894A-A96DC939B282}.Debug|Any CPU.ActiveCfg = Debug|Any CPU
		{49817F65-579B-41A0-894A-A96DC939B282}.Debug|Any CPU.Build.0 = Debug|Any CPU
		{49817F65-579B-41A0-894A-A96DC939B282}.Release|Any CPU.ActiveCfg = Release|Any CPU
		{49817F65-579B-41A0-894A-A96DC939B282}.Release|Any CPU.Build.0 = Release|Any CPU
		{483A210D-B3A4-4BE1-84E2-A8B13552FE65}.Debug|Any CPU.ActiveCfg = Debug|Any CPU
		{483A210D-B3A4-4BE1-84E2-A8B13552FE65}.Debug|Any CPU.Build.0 = Debug|Any CPU
		{483A210D-B3A4-4BE1-84E2-A8B13552FE65}.Release|Any CPU.ActiveCfg = Release|Any CPU
		{483A210D-B3A4-4BE1-84E2-A8B13552FE65}.Release|Any CPU.Build.0 = Release|Any CPU
		{12A80BD0-3D73-4B84-BEA4-63B883B95BC1}.Debug|Any CPU.ActiveCfg = Debug|Any CPU
		{12A80BD0-3D73-4B84-BEA4-63B883B95BC1}.Debug|Any CPU.Build.0 = Debug|Any CPU
		{12A80BD0-3D73-4B84-BEA4-63B883B95BC1}.Release|Any CPU.ActiveCfg = Release|Any CPU
		{12A80BD0-3D73-4B84-BEA4-63B883B95BC1}.Release|Any CPU.Build.0 = Release|Any CPU
		{20C731D2-73A3-442C-BD15-A38EF31B6D2F}.Debug|Any CPU.ActiveCfg = Debug|Any CPU
		{20C731D2-73A3-442C-BD15-A38EF31B6D2F}.Debug|Any CPU.Build.0 = Debug|Any CPU
		{20C731D2-73A3-442C-BD15-A38EF31B6D2F}.Release|Any CPU.ActiveCfg = Release|Any CPU
		{20C731D2-73A3-442C-BD15-A38EF31B6D2F}.Release|Any CPU.Build.0 = Release|Any CPU
		{D7F1F3E9-9CB2-4250-96D1-344CFE84A50D}.Debug|Any CPU.ActiveCfg = Debug|Any CPU
		{D7F1F3E9-9CB2-4250-96D1-344CFE84A50D}.Debug|Any CPU.Build.0 = Debug|Any CPU
		{D7F1F3E9-9CB2-4250-96D1-344CFE84A50D}.Release|Any CPU.ActiveCfg = Release|Any CPU
		{D7F1F3E9-9CB2-4250-96D1-344CFE84A50D}.Release|Any CPU.Build.0 = Release|Any CPU
		{E7B53F56-9863-4970-9C28-EAB98537074A}.Debug|Any CPU.ActiveCfg = Debug|Any CPU
		{E7B53F56-9863-4970-9C28-EAB98537074A}.Debug|Any CPU.Build.0 = Debug|Any CPU
		{E7B53F56-9863-4970-9C28-EAB98537074A}.Release|Any CPU.ActiveCfg = Release|Any CPU
		{E7B53F56-9863-4970-9C28-EAB98537074A}.Release|Any CPU.Build.0 = Release|Any CPU
		{14DD328D-7225-4862-B65E-0CFDC8B70D31}.Debug|Any CPU.ActiveCfg = Debug|Any CPU
		{14DD328D-7225-4862-B65E-0CFDC8B70D31}.Debug|Any CPU.Build.0 = Debug|Any CPU
		{14DD328D-7225-4862-B65E-0CFDC8B70D31}.Release|Any CPU.ActiveCfg = Release|Any CPU
		{14DD328D-7225-4862-B65E-0CFDC8B70D31}.Release|Any CPU.Build.0 = Release|Any CPU
		{7F04AF2D-3218-47CB-A517-204D84531AE3}.Debug|Any CPU.ActiveCfg = Debug|Any CPU
		{7F04AF2D-3218-47CB-A517-204D84531AE3}.Debug|Any CPU.Build.0 = Debug|Any CPU
		{7F04AF2D-3218-47CB-A517-204D84531AE3}.Release|Any CPU.ActiveCfg = Release|Any CPU
		{7F04AF2D-3218-47CB-A517-204D84531AE3}.Release|Any CPU.Build.0 = Release|Any CPU
		{2EEE87E6-80FE-4878-A85B-7E488A171439}.Debug|Any CPU.ActiveCfg = Debug|Any CPU
		{2EEE87E6-80FE-4878-A85B-7E488A171439}.Debug|Any CPU.Build.0 = Debug|Any CPU
		{2EEE87E6-80FE-4878-A85B-7E488A171439}.Release|Any CPU.ActiveCfg = Release|Any CPU
		{2EEE87E6-80FE-4878-A85B-7E488A171439}.Release|Any CPU.Build.0 = Release|Any CPU
	EndGlobalSection
	GlobalSection(SolutionProperties) = preSolution
		HideSolutionNode = FALSE
	EndGlobalSection
EndGlobal
