
Microsoft Visual Studio Solution File, Format Version 12.00
# Visual Studio 2013
VisualStudioVersion = 12.0.31101.0
MinimumVisualStudioVersion = 10.0.40219.1
Project("{FAE04EC0-301F-11D3-BF4B-00C04F79EFBC}") = "01.StringsInC", "01.StringsInC\01.StringsInC.csproj", "{676F8DE9-9E43-491B-BC13-D21A995E8673}"
EndProject
Project("{FAE04EC0-301F-11D3-BF4B-00C04F79EFBC}") = "02.ReverseString", "02.ReverseString\02.ReverseString.csproj", "{2A773BE1-1982-4E14-9686-AA683D22D142}"
EndProject
Project("{FAE04EC0-301F-11D3-BF4B-00C04F79EFBC}") = "03.CorrectBrackets", "03.CorrectBrackets\03.CorrectBrackets.csproj", "{F8F687CA-7A4C-4594-83D2-879094C0250E}"
EndProject
Project("{FAE04EC0-301F-11D3-BF4B-00C04F79EFBC}") = "04.SubstringInText", "04.SubstringInText\04.SubstringInText.csproj", "{315A8D23-1936-4D21-A140-90E8A1C0C2C2}"
EndProject
Project("{FAE04EC0-301F-11D3-BF4B-00C04F79EFBC}") = "05.ParseTags", "05.ParseTags\05.ParseTags.csproj", "{0A695AB4-0096-4BFA-8BE2-A51D52AB1E04}"
EndProject
Project("{FAE04EC0-301F-11D3-BF4B-00C04F79EFBC}") = "06.StringLength", "06.StringLength\06.StringLength.csproj", "{C208AFE7-1F3D-46AC-AA94-28B45D33FFEC}"
EndProject
Project("{FAE04EC0-301F-11D3-BF4B-00C04F79EFBC}") = "07.CodeDecode", "07.CodeDecode\07.CodeDecode.csproj", "{B5C54938-4AC0-4EB2-9F48-7D1B3723AC82}"
EndProject
Project("{FAE04EC0-301F-11D3-BF4B-00C04F79EFBC}") = "08.ExtractSentences", "08.ExtractSentences\08.ExtractSentences.csproj", "{A417023F-BED4-49E8-990A-2EFF51BB5B00}"
EndProject
Project("{FAE04EC0-301F-11D3-BF4B-00C04F79EFBC}") = "09.ForbiddenWords", "09.ForbiddenWords\09.ForbiddenWords.csproj", "{B17BAF7F-81C4-484C-8D6A-2CBE95A272EB}"
EndProject
Project("{FAE04EC0-301F-11D3-BF4B-00C04F79EFBC}") = "10.UnicodeCharacters", "10.UnicodeCharacters\10.UnicodeCharacters.csproj", "{8632FEED-8CC8-4578-8460-24BF393E0F5C}"
EndProject
Project("{FAE04EC0-301F-11D3-BF4B-00C04F79EFBC}") = "11.FormatNumber", "11.FormatNumber\11.FormatNumber.csproj", "{3B2FDAFA-E229-4B57-9450-E8ACA76AE9E6}"
EndProject
Project("{FAE04EC0-301F-11D3-BF4B-00C04F79EFBC}") = "12.ParseURL", "12.ParseURL\12.ParseURL.csproj", "{8A03F9AC-FE0C-4F99-8169-BE36BD61C6AA}"
EndProject
Project("{FAE04EC0-301F-11D3-BF4B-00C04F79EFBC}") = "13.ReverseSentence", "13.ReverseSentence\13.ReverseSentence.csproj", "{F572A807-C6F9-4208-9112-14E1AC3D1675}"
EndProject
Project("{FAE04EC0-301F-11D3-BF4B-00C04F79EFBC}") = "14.WordDictionary", "14.WordDictionary\14.WordDictionary.csproj", "{B2CC06A7-F5A9-4B29-9B06-C535011981B9}"
EndProject
Project("{FAE04EC0-301F-11D3-BF4B-00C04F79EFBC}") = "15.ReplaceTags", "15.ReplaceTags\15.ReplaceTags.csproj", "{AFBAB6A3-FD36-4863-A523-9646E239EC2C}"
EndProject
Project("{FAE04EC0-301F-11D3-BF4B-00C04F79EFBC}") = "16.DateDifference", "16.DateDifference\16.DateDifference.csproj", "{BB30B30F-5209-480F-91A7-88482A59298E}"
EndProject
Project("{FAE04EC0-301F-11D3-BF4B-00C04F79EFBC}") = "17.DateInBulgarien", "17.DateInBulgarien\17.DateInBulgarien.csproj", "{3E314659-0B45-4726-A442-5E333EB133F2}"
EndProject
Project("{FAE04EC0-301F-11D3-BF4B-00C04F79EFBC}") = "18.ExtractE-mails", "18.ExtractE-mails\18.ExtractE-mails.csproj", "{A44E87DE-CB31-4DC0-B903-BD08213C61C8}"
EndProject
Project("{FAE04EC0-301F-11D3-BF4B-00C04F79EFBC}") = "19.DatesFromTextInCanada", "19.DatesFromTextInCanada\19.DatesFromTextInCanada.csproj", "{FEAF6444-B2E1-4379-A36D-C59A06A4799C}"
EndProject
Project("{FAE04EC0-301F-11D3-BF4B-00C04F79EFBC}") = "20.Palindromes", "20.Palindromes\20.Palindromes.csproj", "{0088FF1B-B7C4-4FA6-91C4-A9EF3D99403D}"
EndProject
Project("{FAE04EC0-301F-11D3-BF4B-00C04F79EFBC}") = "21.LettersCount", "21.LettersCount\21.LettersCount.csproj", "{AC260417-D0B5-49E5-A921-B869852F5207}"
EndProject
Project("{FAE04EC0-301F-11D3-BF4B-00C04F79EFBC}") = "22.WordsCount", "22.WordsCount\22.WordsCount.csproj", "{32D12D91-2FE4-4906-93A3-DF6F3F63B5E1}"
EndProject
Global
	GlobalSection(SolutionConfigurationPlatforms) = preSolution
		Debug|Any CPU = Debug|Any CPU
		Release|Any CPU = Release|Any CPU
	EndGlobalSection
	GlobalSection(ProjectConfigurationPlatforms) = postSolution
		{676F8DE9-9E43-491B-BC13-D21A995E8673}.Debug|Any CPU.ActiveCfg = Debug|Any CPU
		{676F8DE9-9E43-491B-BC13-D21A995E8673}.Debug|Any CPU.Build.0 = Debug|Any CPU
		{676F8DE9-9E43-491B-BC13-D21A995E8673}.Release|Any CPU.ActiveCfg = Release|Any CPU
		{676F8DE9-9E43-491B-BC13-D21A995E8673}.Release|Any CPU.Build.0 = Release|Any CPU
		{2A773BE1-1982-4E14-9686-AA683D22D142}.Debug|Any CPU.ActiveCfg = Debug|Any CPU
		{2A773BE1-1982-4E14-9686-AA683D22D142}.Debug|Any CPU.Build.0 = Debug|Any CPU
		{2A773BE1-1982-4E14-9686-AA683D22D142}.Release|Any CPU.ActiveCfg = Release|Any CPU
		{2A773BE1-1982-4E14-9686-AA683D22D142}.Release|Any CPU.Build.0 = Release|Any CPU
		{F8F687CA-7A4C-4594-83D2-879094C0250E}.Debug|Any CPU.ActiveCfg = Debug|Any CPU
		{F8F687CA-7A4C-4594-83D2-879094C0250E}.Debug|Any CPU.Build.0 = Debug|Any CPU
		{F8F687CA-7A4C-4594-83D2-879094C0250E}.Release|Any CPU.ActiveCfg = Release|Any CPU
		{F8F687CA-7A4C-4594-83D2-879094C0250E}.Release|Any CPU.Build.0 = Release|Any CPU
		{315A8D23-1936-4D21-A140-90E8A1C0C2C2}.Debug|Any CPU.ActiveCfg = Debug|Any CPU
		{315A8D23-1936-4D21-A140-90E8A1C0C2C2}.Debug|Any CPU.Build.0 = Debug|Any CPU
		{315A8D23-1936-4D21-A140-90E8A1C0C2C2}.Release|Any CPU.ActiveCfg = Release|Any CPU
		{315A8D23-1936-4D21-A140-90E8A1C0C2C2}.Release|Any CPU.Build.0 = Release|Any CPU
		{0A695AB4-0096-4BFA-8BE2-A51D52AB1E04}.Debug|Any CPU.ActiveCfg = Debug|Any CPU
		{0A695AB4-0096-4BFA-8BE2-A51D52AB1E04}.Debug|Any CPU.Build.0 = Debug|Any CPU
		{0A695AB4-0096-4BFA-8BE2-A51D52AB1E04}.Release|Any CPU.ActiveCfg = Release|Any CPU
		{0A695AB4-0096-4BFA-8BE2-A51D52AB1E04}.Release|Any CPU.Build.0 = Release|Any CPU
		{C208AFE7-1F3D-46AC-AA94-28B45D33FFEC}.Debug|Any CPU.ActiveCfg = Debug|Any CPU
		{C208AFE7-1F3D-46AC-AA94-28B45D33FFEC}.Debug|Any CPU.Build.0 = Debug|Any CPU
		{C208AFE7-1F3D-46AC-AA94-28B45D33FFEC}.Release|Any CPU.ActiveCfg = Release|Any CPU
		{C208AFE7-1F3D-46AC-AA94-28B45D33FFEC}.Release|Any CPU.Build.0 = Release|Any CPU
		{B5C54938-4AC0-4EB2-9F48-7D1B3723AC82}.Debug|Any CPU.ActiveCfg = Debug|Any CPU
		{B5C54938-4AC0-4EB2-9F48-7D1B3723AC82}.Debug|Any CPU.Build.0 = Debug|Any CPU
		{B5C54938-4AC0-4EB2-9F48-7D1B3723AC82}.Release|Any CPU.ActiveCfg = Release|Any CPU
		{B5C54938-4AC0-4EB2-9F48-7D1B3723AC82}.Release|Any CPU.Build.0 = Release|Any CPU
		{A417023F-BED4-49E8-990A-2EFF51BB5B00}.Debug|Any CPU.ActiveCfg = Debug|Any CPU
		{A417023F-BED4-49E8-990A-2EFF51BB5B00}.Debug|Any CPU.Build.0 = Debug|Any CPU
		{A417023F-BED4-49E8-990A-2EFF51BB5B00}.Release|Any CPU.ActiveCfg = Release|Any CPU
		{A417023F-BED4-49E8-990A-2EFF51BB5B00}.Release|Any CPU.Build.0 = Release|Any CPU
		{B17BAF7F-81C4-484C-8D6A-2CBE95A272EB}.Debug|Any CPU.ActiveCfg = Debug|Any CPU
		{B17BAF7F-81C4-484C-8D6A-2CBE95A272EB}.Debug|Any CPU.Build.0 = Debug|Any CPU
		{B17BAF7F-81C4-484C-8D6A-2CBE95A272EB}.Release|Any CPU.ActiveCfg = Release|Any CPU
		{B17BAF7F-81C4-484C-8D6A-2CBE95A272EB}.Release|Any CPU.Build.0 = Release|Any CPU
		{8632FEED-8CC8-4578-8460-24BF393E0F5C}.Debug|Any CPU.ActiveCfg = Debug|Any CPU
		{8632FEED-8CC8-4578-8460-24BF393E0F5C}.Debug|Any CPU.Build.0 = Debug|Any CPU
		{8632FEED-8CC8-4578-8460-24BF393E0F5C}.Release|Any CPU.ActiveCfg = Release|Any CPU
		{8632FEED-8CC8-4578-8460-24BF393E0F5C}.Release|Any CPU.Build.0 = Release|Any CPU
		{3B2FDAFA-E229-4B57-9450-E8ACA76AE9E6}.Debug|Any CPU.ActiveCfg = Debug|Any CPU
		{3B2FDAFA-E229-4B57-9450-E8ACA76AE9E6}.Debug|Any CPU.Build.0 = Debug|Any CPU
		{3B2FDAFA-E229-4B57-9450-E8ACA76AE9E6}.Release|Any CPU.ActiveCfg = Release|Any CPU
		{3B2FDAFA-E229-4B57-9450-E8ACA76AE9E6}.Release|Any CPU.Build.0 = Release|Any CPU
		{8A03F9AC-FE0C-4F99-8169-BE36BD61C6AA}.Debug|Any CPU.ActiveCfg = Debug|Any CPU
		{8A03F9AC-FE0C-4F99-8169-BE36BD61C6AA}.Debug|Any CPU.Build.0 = Debug|Any CPU
		{8A03F9AC-FE0C-4F99-8169-BE36BD61C6AA}.Release|Any CPU.ActiveCfg = Release|Any CPU
		{8A03F9AC-FE0C-4F99-8169-BE36BD61C6AA}.Release|Any CPU.Build.0 = Release|Any CPU
		{F572A807-C6F9-4208-9112-14E1AC3D1675}.Debug|Any CPU.ActiveCfg = Debug|Any CPU
		{F572A807-C6F9-4208-9112-14E1AC3D1675}.Debug|Any CPU.Build.0 = Debug|Any CPU
		{F572A807-C6F9-4208-9112-14E1AC3D1675}.Release|Any CPU.ActiveCfg = Release|Any CPU
		{F572A807-C6F9-4208-9112-14E1AC3D1675}.Release|Any CPU.Build.0 = Release|Any CPU
		{B2CC06A7-F5A9-4B29-9B06-C535011981B9}.Debug|Any CPU.ActiveCfg = Debug|Any CPU
		{B2CC06A7-F5A9-4B29-9B06-C535011981B9}.Debug|Any CPU.Build.0 = Debug|Any CPU
		{B2CC06A7-F5A9-4B29-9B06-C535011981B9}.Release|Any CPU.ActiveCfg = Release|Any CPU
		{B2CC06A7-F5A9-4B29-9B06-C535011981B9}.Release|Any CPU.Build.0 = Release|Any CPU
		{AFBAB6A3-FD36-4863-A523-9646E239EC2C}.Debug|Any CPU.ActiveCfg = Debug|Any CPU
		{AFBAB6A3-FD36-4863-A523-9646E239EC2C}.Debug|Any CPU.Build.0 = Debug|Any CPU
		{AFBAB6A3-FD36-4863-A523-9646E239EC2C}.Release|Any CPU.ActiveCfg = Release|Any CPU
		{AFBAB6A3-FD36-4863-A523-9646E239EC2C}.Release|Any CPU.Build.0 = Release|Any CPU
		{BB30B30F-5209-480F-91A7-88482A59298E}.Debug|Any CPU.ActiveCfg = Debug|Any CPU
		{BB30B30F-5209-480F-91A7-88482A59298E}.Debug|Any CPU.Build.0 = Debug|Any CPU
		{BB30B30F-5209-480F-91A7-88482A59298E}.Release|Any CPU.ActiveCfg = Release|Any CPU
		{BB30B30F-5209-480F-91A7-88482A59298E}.Release|Any CPU.Build.0 = Release|Any CPU
		{3E314659-0B45-4726-A442-5E333EB133F2}.Debug|Any CPU.ActiveCfg = Debug|Any CPU
		{3E314659-0B45-4726-A442-5E333EB133F2}.Debug|Any CPU.Build.0 = Debug|Any CPU
		{3E314659-0B45-4726-A442-5E333EB133F2}.Release|Any CPU.ActiveCfg = Release|Any CPU
		{3E314659-0B45-4726-A442-5E333EB133F2}.Release|Any CPU.Build.0 = Release|Any CPU
		{A44E87DE-CB31-4DC0-B903-BD08213C61C8}.Debug|Any CPU.ActiveCfg = Debug|Any CPU
		{A44E87DE-CB31-4DC0-B903-BD08213C61C8}.Debug|Any CPU.Build.0 = Debug|Any CPU
		{A44E87DE-CB31-4DC0-B903-BD08213C61C8}.Release|Any CPU.ActiveCfg = Release|Any CPU
		{A44E87DE-CB31-4DC0-B903-BD08213C61C8}.Release|Any CPU.Build.0 = Release|Any CPU
		{FEAF6444-B2E1-4379-A36D-C59A06A4799C}.Debug|Any CPU.ActiveCfg = Debug|Any CPU
		{FEAF6444-B2E1-4379-A36D-C59A06A4799C}.Debug|Any CPU.Build.0 = Debug|Any CPU
		{FEAF6444-B2E1-4379-A36D-C59A06A4799C}.Release|Any CPU.ActiveCfg = Release|Any CPU
		{FEAF6444-B2E1-4379-A36D-C59A06A4799C}.Release|Any CPU.Build.0 = Release|Any CPU
		{0088FF1B-B7C4-4FA6-91C4-A9EF3D99403D}.Debug|Any CPU.ActiveCfg = Debug|Any CPU
		{0088FF1B-B7C4-4FA6-91C4-A9EF3D99403D}.Debug|Any CPU.Build.0 = Debug|Any CPU
		{0088FF1B-B7C4-4FA6-91C4-A9EF3D99403D}.Release|Any CPU.ActiveCfg = Release|Any CPU
		{0088FF1B-B7C4-4FA6-91C4-A9EF3D99403D}.Release|Any CPU.Build.0 = Release|Any CPU
		{AC260417-D0B5-49E5-A921-B869852F5207}.Debug|Any CPU.ActiveCfg = Debug|Any CPU
		{AC260417-D0B5-49E5-A921-B869852F5207}.Debug|Any CPU.Build.0 = Debug|Any CPU
		{AC260417-D0B5-49E5-A921-B869852F5207}.Release|Any CPU.ActiveCfg = Release|Any CPU
		{AC260417-D0B5-49E5-A921-B869852F5207}.Release|Any CPU.Build.0 = Release|Any CPU
		{32D12D91-2FE4-4906-93A3-DF6F3F63B5E1}.Debug|Any CPU.ActiveCfg = Debug|Any CPU
		{32D12D91-2FE4-4906-93A3-DF6F3F63B5E1}.Debug|Any CPU.Build.0 = Debug|Any CPU
		{32D12D91-2FE4-4906-93A3-DF6F3F63B5E1}.Release|Any CPU.ActiveCfg = Release|Any CPU
		{32D12D91-2FE4-4906-93A3-DF6F3F63B5E1}.Release|Any CPU.Build.0 = Release|Any CPU
	EndGlobalSection
	GlobalSection(SolutionProperties) = preSolution
		HideSolutionNode = FALSE
	EndGlobalSection
EndGlobal
