
Microsoft Visual Studio Solution File, Format Version 12.00
# Visual Studio 2013
VisualStudioVersion = 12.0.31101.0
MinimumVisualStudioVersion = 10.0.40219.1
Project("{FAE04EC0-301F-11D3-BF4B-00C04F79EFBC}") = "1.DecimalToBinary", "1.DecimalToBinary\1.DecimalToBinary.csproj", "{572A520A-BBD7-488E-A218-DC2ECA762226}"
EndProject
Project("{FAE04EC0-301F-11D3-BF4B-00C04F79EFBC}") = "2.BinaryToDecimal", "2.BinaryToDecimal\2.BinaryToDecimal.csproj", "{4577513F-C2AF-4D9C-A3BC-659B0219D550}"
EndProject
Project("{FAE04EC0-301F-11D3-BF4B-00C04F79EFBC}") = "3.DecimalToHexadecimal", "3.DecimalToHexadecimal\3.DecimalToHexadecimal.csproj", "{C482A40D-136B-4D6E-AF51-011F9D076653}"
EndProject
Project("{FAE04EC0-301F-11D3-BF4B-00C04F79EFBC}") = "4.HexadecimalToDecimal", "4.HexadecimalToDecimal\4.HexadecimalToDecimal.csproj", "{C5EA8EB7-1E9E-4F61-B530-E5AC443BBA67}"
EndProject
Project("{FAE04EC0-301F-11D3-BF4B-00C04F79EFBC}") = "5.HexadecimalToBinary", "5.HexadecimalToBinary\5.HexadecimalToBinary.csproj", "{9756BBDE-C366-42A9-8B4F-6BB99071AF95}"
EndProject
Project("{FAE04EC0-301F-11D3-BF4B-00C04F79EFBC}") = "6.BinaryToHexadecimal", "6.BinaryToHexadecimal\6.BinaryToHexadecimal.csproj", "{46429C96-6540-4CE3-8881-499110417F6E}"
EndProject
Global
	GlobalSection(SolutionConfigurationPlatforms) = preSolution
		Debug|Any CPU = Debug|Any CPU
		Release|Any CPU = Release|Any CPU
	EndGlobalSection
	GlobalSection(ProjectConfigurationPlatforms) = postSolution
		{572A520A-BBD7-488E-A218-DC2ECA762226}.Debug|Any CPU.ActiveCfg = Debug|Any CPU
		{572A520A-BBD7-488E-A218-DC2ECA762226}.Debug|Any CPU.Build.0 = Debug|Any CPU
		{572A520A-BBD7-488E-A218-DC2ECA762226}.Release|Any CPU.ActiveCfg = Release|Any CPU
		{572A520A-BBD7-488E-A218-DC2ECA762226}.Release|Any CPU.Build.0 = Release|Any CPU
		{4577513F-C2AF-4D9C-A3BC-659B0219D550}.Debug|Any CPU.ActiveCfg = Debug|Any CPU
		{4577513F-C2AF-4D9C-A3BC-659B0219D550}.Debug|Any CPU.Build.0 = Debug|Any CPU
		{4577513F-C2AF-4D9C-A3BC-659B0219D550}.Release|Any CPU.ActiveCfg = Release|Any CPU
		{4577513F-C2AF-4D9C-A3BC-659B0219D550}.Release|Any CPU.Build.0 = Release|Any CPU
		{C482A40D-136B-4D6E-AF51-011F9D076653}.Debug|Any CPU.ActiveCfg = Debug|Any CPU
		{C482A40D-136B-4D6E-AF51-011F9D076653}.Debug|Any CPU.Build.0 = Debug|Any CPU
		{C482A40D-136B-4D6E-AF51-011F9D076653}.Release|Any CPU.ActiveCfg = Release|Any CPU
		{C482A40D-136B-4D6E-AF51-011F9D076653}.Release|Any CPU.Build.0 = Release|Any CPU
		{C5EA8EB7-1E9E-4F61-B530-E5AC443BBA67}.Debug|Any CPU.ActiveCfg = Debug|Any CPU
		{C5EA8EB7-1E9E-4F61-B530-E5AC443BBA67}.Debug|Any CPU.Build.0 = Debug|Any CPU
		{C5EA8EB7-1E9E-4F61-B530-E5AC443BBA67}.Release|Any CPU.ActiveCfg = Release|Any CPU
		{C5EA8EB7-1E9E-4F61-B530-E5AC443BBA67}.Release|Any CPU.Build.0 = Release|Any CPU
		{9756BBDE-C366-42A9-8B4F-6BB99071AF95}.Debug|Any CPU.ActiveCfg = Debug|Any CPU
		{9756BBDE-C366-42A9-8B4F-6BB99071AF95}.Debug|Any CPU.Build.0 = Debug|Any CPU
		{9756BBDE-C366-42A9-8B4F-6BB99071AF95}.Release|Any CPU.ActiveCfg = Release|Any CPU
		{9756BBDE-C366-42A9-8B4F-6BB99071AF95}.Release|Any CPU.Build.0 = Release|Any CPU
		{46429C96-6540-4CE3-8881-499110417F6E}.Debug|Any CPU.ActiveCfg = Debug|Any CPU
		{46429C96-6540-4CE3-8881-499110417F6E}.Debug|Any CPU.Build.0 = Debug|Any CPU
		{46429C96-6540-4CE3-8881-499110417F6E}.Release|Any CPU.ActiveCfg = Release|Any CPU
		{46429C96-6540-4CE3-8881-499110417F6E}.Release|Any CPU.Build.0 = Release|Any CPU
	EndGlobalSection
	GlobalSection(SolutionProperties) = preSolution
		HideSolutionNode = FALSE
	EndGlobalSection
EndGlobal
