
Microsoft Visual Studio Solution File, Format Version 12.00
# Visual Studio 2013
VisualStudioVersion = 12.0.31101.0
MinimumVisualStudioVersion = 10.0.40219.1
Project("{FAE04EC0-301F-11D3-BF4B-00C04F79EFBC}") = "1.TempPasswordGenerator", "TempPasswordGenerator\1.TempPasswordGenerator.csproj", "{13929718-09AC-477D-8F96-BCBB67B9A990}"
EndProject
Project("{FAE04EC0-301F-11D3-BF4B-00C04F79EFBC}") = "2.ComparisonOfStrings", "2.ComparisonOfStrings\2.ComparisonOfStrings.csproj", "{48F660E0-EBFA-4E42-B7DE-F248880D09F1}"
EndProject
Project("{FAE04EC0-301F-11D3-BF4B-00C04F79EFBC}") = "3.StringOperations", "3.StringOperations\3.StringOperations.csproj", "{BF28115A-86B1-495B-9B3B-6BAC00F77284}"
EndProject
Global
	GlobalSection(SolutionConfigurationPlatforms) = preSolution
		Debug|Any CPU = Debug|Any CPU
		Release|Any CPU = Release|Any CPU
	EndGlobalSection
	GlobalSection(ProjectConfigurationPlatforms) = postSolution
		{13929718-09AC-477D-8F96-BCBB67B9A990}.Debug|Any CPU.ActiveCfg = Debug|Any CPU
		{13929718-09AC-477D-8F96-BCBB67B9A990}.Debug|Any CPU.Build.0 = Debug|Any CPU
		{13929718-09AC-477D-8F96-BCBB67B9A990}.Release|Any CPU.ActiveCfg = Release|Any CPU
		{13929718-09AC-477D-8F96-BCBB67B9A990}.Release|Any CPU.Build.0 = Release|Any CPU
		{48F660E0-EBFA-4E42-B7DE-F248880D09F1}.Debug|Any CPU.ActiveCfg = Debug|Any CPU
		{48F660E0-EBFA-4E42-B7DE-F248880D09F1}.Debug|Any CPU.Build.0 = Debug|Any CPU
		{48F660E0-EBFA-4E42-B7DE-F248880D09F1}.Release|Any CPU.ActiveCfg = Release|Any CPU
		{48F660E0-EBFA-4E42-B7DE-F248880D09F1}.Release|Any CPU.Build.0 = Release|Any CPU
		{BF28115A-86B1-495B-9B3B-6BAC00F77284}.Debug|Any CPU.ActiveCfg = Debug|Any CPU
		{BF28115A-86B1-495B-9B3B-6BAC00F77284}.Debug|Any CPU.Build.0 = Debug|Any CPU
		{BF28115A-86B1-495B-9B3B-6BAC00F77284}.Release|Any CPU.ActiveCfg = Release|Any CPU
		{BF28115A-86B1-495B-9B3B-6BAC00F77284}.Release|Any CPU.Build.0 = Release|Any CPU
	EndGlobalSection
	GlobalSection(SolutionProperties) = preSolution
		HideSolutionNode = FALSE
	EndGlobalSection
EndGlobal
